# This file was autogenerated by Stack.
# You should not edit this file by hand.
# For more information, please see the documentation at:
#   https://docs.haskellstack.org/en/stable/lock_files

snapshots:
- original: lts-17.15
  completed:
    sha256: 72e87841a0ab5b72f6f018e8ee692fd972b7bb32a944990f028e10d6eb528e63
    url: https://raw.githubusercontent.com/commercialhaskell/stackage-snapshots/master/lts/17/15.yaml
    size: 567679
packages:
- original:
    hackage: polysemy-1.5.0.0
  completed:
    pantry-tree:
      sha256: 7b7d379751f79f0e0e5afcdf3d8092e5b8e04515710f21f514aa8f29ce4835f4
      size: 4438
    hackage: polysemy-1.5.0.0@sha256:7edb723e7f703fe273a40e43fe33f6e8f7659fe60759e8698def1481262d314d,6246
- original:
    hackage: polysemy-plugin-0.3.0.0
  completed:
    pantry-tree:
      sha256: 8d0bbea846d4410b769687daa8595ff1349efd02c1ab528a857883388dd2db45
      size: 1162
    hackage: polysemy-plugin-0.3.0.0@sha256:22e7553d0fddb48d9484ba1c71d2ed825213fcb214866d9b502ee02bfb960cb4,3121
